
Microsoft Visual Studio Solution File, Format Version 12.00
# Visual Studio Version 17
VisualStudioVersion = 17.3.32922.545
MinimumVisualStudioVersion = 10.0.40219.1
Project("{9A19103F-16F7-4668-BE54-9A1E7A4F7556}") = "CarShop.Server", "CarShop\Server\CarShop.Server.csproj", "{3C19F7EF-4595-4FED-A5B3-F9F561A05EF7}"
EndProject
Project("{9A19103F-16F7-4668-BE54-9A1E7A4F7556}") = "CarShop.Client", "CarShop\Client\CarShop.Client.csproj", "{103E8BED-7226-4F61-91C0-F2B646F350D8}"
EndProject
Project("{9A19103F-16F7-4668-BE54-9A1E7A4F7556}") = "CarShop.Shared", "CarShop\Shared\CarShop.Shared.csproj", "{C1E0B922-FF82-4A83-9741-DC1B2033F88E}"
EndProject
Global
	GlobalSection(SolutionConfigurationPlatforms) = preSolution
		Debug|Any CPU = Debug|Any CPU
		Release|Any CPU = Release|Any CPU
	EndGlobalSection
	GlobalSection(ProjectConfigurationPlatforms) = postSolution
		{3C19F7EF-4595-4FED-A5B3-F9F561A05EF7}.Debug|Any CPU.ActiveCfg = Debug|Any CPU
		{3C19F7EF-4595-4FED-A5B3-F9F561A05EF7}.Debug|Any CPU.Build.0 = Debug|Any CPU
		{3C19F7EF-4595-4FED-A5B3-F9F561A05EF7}.Release|Any CPU.ActiveCfg = Release|Any CPU
		{3C19F7EF-4595-4FED-A5B3-F9F561A05EF7}.Release|Any CPU.Build.0 = Release|Any CPU
		{103E8BED-7226-4F61-91C0-F2B646F350D8}.Debug|Any CPU.ActiveCfg = Debug|Any CPU
		{103E8BED-7226-4F61-91C0-F2B646F350D8}.Debug|Any CPU.Build.0 = Debug|Any CPU
		{103E8BED-7226-4F61-91C0-F2B646F350D8}.Release|Any CPU.ActiveCfg = Release|Any CPU
		{103E8BED-7226-4F61-91C0-F2B646F350D8}.Release|Any CPU.Build.0 = Release|Any CPU
		{C1E0B922-FF82-4A83-9741-DC1B2033F88E}.Debug|Any CPU.ActiveCfg = Debug|Any CPU
		{C1E0B922-FF82-4A83-9741-DC1B2033F88E}.Debug|Any CPU.Build.0 = Debug|Any CPU
		{C1E0B922-FF82-4A83-9741-DC1B2033F88E}.Release|Any CPU.ActiveCfg = Release|Any CPU
		{C1E0B922-FF82-4A83-9741-DC1B2033F88E}.Release|Any CPU.Build.0 = Release|Any CPU
	EndGlobalSection
	GlobalSection(SolutionProperties) = preSolution
		HideSolutionNode = FALSE
	EndGlobalSection
	GlobalSection(ExtensibilityGlobals) = postSolution
		SolutionGuid = {C214E363-CB0B-4D51-9A3F-482ACA726195}
	EndGlobalSection
EndGlobal
